
Microsoft Visual Studio Solution File, Format Version 12.00
# Visual Studio Version 17
VisualStudioVersion = 17.8.34330.188
MinimumVisualStudioVersion = 10.0.40219.1
Project("{FAE04EC0-301F-11D3-BF4B-00C04F79EFBC}") = "9.Arrays", "9.Arrays.csproj", "{316603FB-7122-46A7-B1B5-39F8DA7198E5}"
EndProject
Global
	GlobalSection(SolutionConfigurationPlatforms) = preSolution
		Debug|Any CPU = Debug|Any CPU
		Release|Any CPU = Release|Any CPU
	EndGlobalSection
	GlobalSection(ProjectConfigurationPlatforms) = postSolution
		{316603FB-7122-46A7-B1B5-39F8DA7198E5}.Debug|Any CPU.ActiveCfg = Debug|Any CPU
		{316603FB-7122-46A7-B1B5-39F8DA7198E5}.Debug|Any CPU.Build.0 = Debug|Any CPU
		{316603FB-7122-46A7-B1B5-39F8DA7198E5}.Release|Any CPU.ActiveCfg = Release|Any CPU
		{316603FB-7122-46A7-B1B5-39F8DA7198E5}.Release|Any CPU.Build.0 = Release|Any CPU
	EndGlobalSection
	GlobalSection(SolutionProperties) = preSolution
		HideSolutionNode = FALSE
	EndGlobalSection
	GlobalSection(ExtensibilityGlobals) = postSolution
		SolutionGuid = {A8B1E0A7-F813-4B68-B0A0-24F38CE879E1}
	EndGlobalSection
EndGlobal
